
Microsoft Visual Studio Solution File, Format Version 12.00
# Visual Studio Version 16
VisualStudioVersion = 16.0.29728.190
MinimumVisualStudioVersion = 10.0.40219.1
Project("{2150E333-8FDC-42A3-9474-1A3956D46DE8}") = "ApiGateway", "ApiGateway", "{24E16B3D-DC20-4316-83ED-27BA2BDBF567}"
EndProject
Project("{9A19103F-16F7-4668-BE54-9A1E7A4F7556}") = "MyApiGateway", "MyApiGateway\MyApiGateway.csproj", "{289E0526-D9EE-4F78-8258-AC4595A14A65}"
EndProject
Project("{9A19103F-16F7-4668-BE54-9A1E7A4F7556}") = "MyServiceA", "MyServiceA\MyServiceA.csproj", "{28700354-E06C-40B4-BF38-C883B2439282}"
EndProject
Project("{9A19103F-16F7-4668-BE54-9A1E7A4F7556}") = "TestApiGatewayDemo", "TestApiGatewayDemo\TestApiGatewayDemo.csproj", "{C2BBC05B-A634-4548-8D7E-B53B16A7FCCD}"
EndProject
Project("{2150E333-8FDC-42A3-9474-1A3956D46DE8}") = "Consul", "Consul", "{DC6EA95A-8A7D-44DF-9D41-152A0AA2ADB2}"
EndProject
Project("{9A19103F-16F7-4668-BE54-9A1E7A4F7556}") = "ConsulDemo", "ConsulDemo\ConsulDemo.csproj", "{1EC2DEF9-2778-43DB-920F-C1AD60EE5DFE}"
EndProject
Project("{9A19103F-16F7-4668-BE54-9A1E7A4F7556}") = "TestConsul", "TestConsul\TestConsul.csproj", "{7D97A3C5-77B5-41AD-9AD4-BC39697A8383}"
EndProject
Project("{2150E333-8FDC-42A3-9474-1A3956D46DE8}") = "Polly", "Polly", "{9B683AF4-1E4B-4BA6-8787-D70B039EA7DD}"
EndProject
Project("{9A19103F-16F7-4668-BE54-9A1E7A4F7556}") = "PollyDemo", "PollyDemo\PollyDemo.csproj", "{88BF07E0-3486-4F23-947A-FDA41B43E143}"
EndProject
Project("{9A19103F-16F7-4668-BE54-9A1E7A4F7556}") = "ServiceCustomerWithPolly", "ServiceCustomerWithPolly\ServiceCustomerWithPolly.csproj", "{90619285-8534-4788-A013-09A97444D388}"
EndProject
Project("{2150E333-8FDC-42A3-9474-1A3956D46DE8}") = "Grpc", "Grpc", "{F734283B-ED04-4014-81B7-1D5834179319}"
EndProject
Project("{9A19103F-16F7-4668-BE54-9A1E7A4F7556}") = "GrpcClient", "GrpcClient\GrpcClient.csproj", "{4D4E25A7-C644-4D80-BA19-F7B90B4A2341}"
EndProject
Project("{9A19103F-16F7-4668-BE54-9A1E7A4F7556}") = "GrpcServer", "GrpcServer\GrpcServer.csproj", "{92A60F8F-C3AA-4150-96C4-E971CCADB1F3}"
EndProject
Global
	GlobalSection(SolutionConfigurationPlatforms) = preSolution
		Debug|Any CPU = Debug|Any CPU
		Release|Any CPU = Release|Any CPU
	EndGlobalSection
	GlobalSection(ProjectConfigurationPlatforms) = postSolution
		{289E0526-D9EE-4F78-8258-AC4595A14A65}.Debug|Any CPU.ActiveCfg = Debug|Any CPU
		{289E0526-D9EE-4F78-8258-AC4595A14A65}.Debug|Any CPU.Build.0 = Debug|Any CPU
		{289E0526-D9EE-4F78-8258-AC4595A14A65}.Release|Any CPU.ActiveCfg = Release|Any CPU
		{289E0526-D9EE-4F78-8258-AC4595A14A65}.Release|Any CPU.Build.0 = Release|Any CPU
		{28700354-E06C-40B4-BF38-C883B2439282}.Debug|Any CPU.ActiveCfg = Debug|Any CPU
		{28700354-E06C-40B4-BF38-C883B2439282}.Debug|Any CPU.Build.0 = Debug|Any CPU
		{28700354-E06C-40B4-BF38-C883B2439282}.Release|Any CPU.ActiveCfg = Release|Any CPU
		{28700354-E06C-40B4-BF38-C883B2439282}.Release|Any CPU.Build.0 = Release|Any CPU
		{C2BBC05B-A634-4548-8D7E-B53B16A7FCCD}.Debug|Any CPU.ActiveCfg = Debug|Any CPU
		{C2BBC05B-A634-4548-8D7E-B53B16A7FCCD}.Debug|Any CPU.Build.0 = Debug|Any CPU
		{C2BBC05B-A634-4548-8D7E-B53B16A7FCCD}.Release|Any CPU.ActiveCfg = Release|Any CPU
		{C2BBC05B-A634-4548-8D7E-B53B16A7FCCD}.Release|Any CPU.Build.0 = Release|Any CPU
		{1EC2DEF9-2778-43DB-920F-C1AD60EE5DFE}.Debug|Any CPU.ActiveCfg = Debug|Any CPU
		{1EC2DEF9-2778-43DB-920F-C1AD60EE5DFE}.Debug|Any CPU.Build.0 = Debug|Any CPU
		{1EC2DEF9-2778-43DB-920F-C1AD60EE5DFE}.Release|Any CPU.ActiveCfg = Release|Any CPU
		{1EC2DEF9-2778-43DB-920F-C1AD60EE5DFE}.Release|Any CPU.Build.0 = Release|Any CPU
		{7D97A3C5-77B5-41AD-9AD4-BC39697A8383}.Debug|Any CPU.ActiveCfg = Debug|Any CPU
		{7D97A3C5-77B5-41AD-9AD4-BC39697A8383}.Debug|Any CPU.Build.0 = Debug|Any CPU
		{7D97A3C5-77B5-41AD-9AD4-BC39697A8383}.Release|Any CPU.ActiveCfg = Release|Any CPU
		{7D97A3C5-77B5-41AD-9AD4-BC39697A8383}.Release|Any CPU.Build.0 = Release|Any CPU
		{88BF07E0-3486-4F23-947A-FDA41B43E143}.Debug|Any CPU.ActiveCfg = Debug|Any CPU
		{88BF07E0-3486-4F23-947A-FDA41B43E143}.Debug|Any CPU.Build.0 = Debug|Any CPU
		{88BF07E0-3486-4F23-947A-FDA41B43E143}.Release|Any CPU.ActiveCfg = Release|Any CPU
		{88BF07E0-3486-4F23-947A-FDA41B43E143}.Release|Any CPU.Build.0 = Release|Any CPU
		{90619285-8534-4788-A013-09A97444D388}.Debug|Any CPU.ActiveCfg = Debug|Any CPU
		{90619285-8534-4788-A013-09A97444D388}.Debug|Any CPU.Build.0 = Debug|Any CPU
		{90619285-8534-4788-A013-09A97444D388}.Release|Any CPU.ActiveCfg = Release|Any CPU
		{90619285-8534-4788-A013-09A97444D388}.Release|Any CPU.Build.0 = Release|Any CPU
		{4D4E25A7-C644-4D80-BA19-F7B90B4A2341}.Debug|Any CPU.ActiveCfg = Debug|Any CPU
		{4D4E25A7-C644-4D80-BA19-F7B90B4A2341}.Debug|Any CPU.Build.0 = Debug|Any CPU
		{4D4E25A7-C644-4D80-BA19-F7B90B4A2341}.Release|Any CPU.ActiveCfg = Release|Any CPU
		{4D4E25A7-C644-4D80-BA19-F7B90B4A2341}.Release|Any CPU.Build.0 = Release|Any CPU
		{92A60F8F-C3AA-4150-96C4-E971CCADB1F3}.Debug|Any CPU.ActiveCfg = Debug|Any CPU
		{92A60F8F-C3AA-4150-96C4-E971CCADB1F3}.Debug|Any CPU.Build.0 = Debug|Any CPU
		{92A60F8F-C3AA-4150-96C4-E971CCADB1F3}.Release|Any CPU.ActiveCfg = Release|Any CPU
		{92A60F8F-C3AA-4150-96C4-E971CCADB1F3}.Release|Any CPU.Build.0 = Release|Any CPU
	EndGlobalSection
	GlobalSection(SolutionProperties) = preSolution
		HideSolutionNode = FALSE
	EndGlobalSection
	GlobalSection(NestedProjects) = preSolution
		{289E0526-D9EE-4F78-8258-AC4595A14A65} = {24E16B3D-DC20-4316-83ED-27BA2BDBF567}
		{28700354-E06C-40B4-BF38-C883B2439282} = {24E16B3D-DC20-4316-83ED-27BA2BDBF567}
		{C2BBC05B-A634-4548-8D7E-B53B16A7FCCD} = {24E16B3D-DC20-4316-83ED-27BA2BDBF567}
		{1EC2DEF9-2778-43DB-920F-C1AD60EE5DFE} = {DC6EA95A-8A7D-44DF-9D41-152A0AA2ADB2}
		{7D97A3C5-77B5-41AD-9AD4-BC39697A8383} = {DC6EA95A-8A7D-44DF-9D41-152A0AA2ADB2}
		{88BF07E0-3486-4F23-947A-FDA41B43E143} = {9B683AF4-1E4B-4BA6-8787-D70B039EA7DD}
		{90619285-8534-4788-A013-09A97444D388} = {9B683AF4-1E4B-4BA6-8787-D70B039EA7DD}
		{4D4E25A7-C644-4D80-BA19-F7B90B4A2341} = {F734283B-ED04-4014-81B7-1D5834179319}
		{92A60F8F-C3AA-4150-96C4-E971CCADB1F3} = {F734283B-ED04-4014-81B7-1D5834179319}
	EndGlobalSection
	GlobalSection(ExtensibilityGlobals) = postSolution
		SolutionGuid = {794E0430-B805-4897-BB2E-3414EF7113A2}
	EndGlobalSection
EndGlobal
